{
    "name": "typescript",
    "version": "1.0.0",
    "lockfileVersion": 1,
    "requires": true,
    "dependencies": {
        "@types/jquery": {
            "version": "3.3.29",
            "resolved": "https://registry.npmjs.org/@types/jquery/-/jquery-3.3.29.tgz",
            "integrity": "sha512-FhJvBninYD36v3k6c+bVk1DSZwh7B5Dpb/Pyk3HKVsiohn0nhbefZZ+3JXbWQhFyt0MxSl2jRDdGQPHeOHFXrQ==",
            "dev": true,
            "requires": {
                "@types/sizzle": "*"
            }
        },
        "@types/sizzle": {
            "version": "2.3.2",
            "resolved": "https://registry.npmjs.org/@types/sizzle/-/sizzle-2.3.2.tgz",
            "integrity": "sha512-7EJYyKTL7tFR8+gDbB6Wwz/arpGa0Mywk1TJbNzKzHtzbwVmY4HR9WqS5VV7dsBUKQmPNr192jHr/VpBluj/hg==",
            "dev": true
        },
        "component-clone": {
            "version": "0.2.2",
            "resolved": "https://registry.npmjs.org/component-clone/-/component-clone-0.2.2.tgz",
            "integrity": "sha1-x/WXmCKID62M+wliuikYbQYe4E8=",
            "dev": true,
            "requires": {
                "component-type": "*"
            }
        },
        "component-emitter": {
            "version": "1.2.0",
            "resolved": "https://registry.npmjs.org/component-emitter/-/component-emitter-1.2.0.tgz",
            "integrity": "sha1-zNETqGOI0GSC0D3j/H35hSa6jv4=",
            "dev": true
        },
        "component-raf": {
            "version": "1.2.0",
            "resolved": "https://registry.npmjs.org/component-raf/-/component-raf-1.2.0.tgz",
            "integrity": "sha1-srxy1D8bAU/eeks8RHx2S8c8y6o=",
            "dev": true
        },
        "component-tween": {
            "version": "1.2.0",
            "resolved": "https://registry.npmjs.org/component-tween/-/component-tween-1.2.0.tgz",
            "integrity": "sha1-zDnOXbqwW1KCX0HRlHY4oLAbK4o=",
            "dev": true,
            "requires": {
                "component-clone": "0.2.2",
                "component-emitter": "1.2.0",
                "component-type": "1.1.0",
                "ease-component": "1.0.0"
            }
        },
        "component-type": {
            "version": "1.1.0",
            "resolved": "https://registry.npmjs.org/component-type/-/component-type-1.1.0.tgz",
            "integrity": "sha1-lbZmqtU+XI0fK+E1xFtdSZGXwMU=",
            "dev": true
        },
        "ease-component": {
            "version": "1.0.0",
            "resolved": "https://registry.npmjs.org/ease-component/-/ease-component-1.0.0.tgz",
            "integrity": "sha1-s3VybbC1sEWVt3RAOW/sfapdd8k=",
            "dev": true
        },
        "scroll-to": {
            "version": "0.0.2",
            "resolved": "https://registry.npmjs.org/scroll-to/-/scroll-to-0.0.2.tgz",
            "integrity": "sha1-k205ipEzZgokkhRcLACB38sHKPM=",
            "dev": true,
            "requires": {
                "component-raf": "1.2.0",
                "component-tween": "1.2.0"
            }
        },
        "typescript": {
            "version": "2.9.2",
            "resolved": "https://registry.npmjs.org/typescript/-/typescript-2.9.2.tgz",
            "integrity": "sha512-Gr4p6nFNaoufRIY4NMdpQRNmgxVIGMs4Fcu/ujdYk3nAZqk7supzBE9idmvfZIlH/Cuj//dvi+019qEue9lV0w==",
            "dev": true
        }
    }
}
